<Solution>
  <Folder Name="/src/">
    <Project Path="src/ConsultaCredito/ConsultaCredito.csproj" />
    <Project Path="src/Temperatura/Temperatura.csproj" />
  </Folder>
  <Folder Name="/tests/">
    <Project Path="tests/ConsultaCredito.MockTests/ConsultaCredito.MockTests.csproj" />
    <Project Path="tests/Temperatura.UnitTests/Temperatura.UnitTests.csproj" />
  </Folder>
</Solution>
